
Microsoft Visual Studio Solution File, Format Version 12.00
# Visual Studio Version 16
VisualStudioVersion = 16.0.31702.278
MinimumVisualStudioVersion = 10.0.40219.1
Project("{FAE04EC0-301F-11D3-BF4B-00C04F79EFBC}") = "Haru", "Haru.csproj", "{924D9691-B4EE-458C-976F-0B68AD8D8CE0}"
EndProject
Global
	GlobalSection(SolutionConfigurationPlatforms) = preSolution
		Debug|Any CPU = Debug|Any CPU
		Release|Any CPU = Release|Any CPU
	EndGlobalSection
	GlobalSection(ProjectConfigurationPlatforms) = postSolution
		{924D9691-B4EE-458C-976F-0B68AD8D8CE0}.Debug|Any CPU.ActiveCfg = Debug|Any CPU
		{924D9691-B4EE-458C-976F-0B68AD8D8CE0}.Debug|Any CPU.Build.0 = Debug|Any CPU
		{924D9691-B4EE-458C-976F-0B68AD8D8CE0}.Release|Any CPU.ActiveCfg = Release|Any CPU
		{924D9691-B4EE-458C-976F-0B68AD8D8CE0}.Release|Any CPU.Build.0 = Release|Any CPU
	EndGlobalSection
	GlobalSection(SolutionProperties) = preSolution
		HideSolutionNode = FALSE
	EndGlobalSection
	GlobalSection(ExtensibilityGlobals) = postSolution
		SolutionGuid = {59402F91-6C2E-4099-A1E4-BDB92313221C}
	EndGlobalSection
EndGlobal
